
Microsoft Visual Studio Solution File, Format Version 12.00
# Visual Studio 15
VisualStudioVersion = 15.0.28307.421
MinimumVisualStudioVersion = 10.0.40219.1
Project("{FAE04EC0-301F-11D3-BF4B-00C04F79EFBC}") = "BduFstekParser", "BduFstekParser\BduFstekParser.csproj", "{98F43CC1-E27E-406D-8BF0-F2AE00DDA2D8}"
EndProject
Global
	GlobalSection(SolutionConfigurationPlatforms) = preSolution
		Debug|Any CPU = Debug|Any CPU
		Release|Any CPU = Release|Any CPU
	EndGlobalSection
	GlobalSection(ProjectConfigurationPlatforms) = postSolution
		{98F43CC1-E27E-406D-8BF0-F2AE00DDA2D8}.Debug|Any CPU.ActiveCfg = Debug|Any CPU
		{98F43CC1-E27E-406D-8BF0-F2AE00DDA2D8}.Debug|Any CPU.Build.0 = Debug|Any CPU
		{98F43CC1-E27E-406D-8BF0-F2AE00DDA2D8}.Release|Any CPU.ActiveCfg = Release|Any CPU
		{98F43CC1-E27E-406D-8BF0-F2AE00DDA2D8}.Release|Any CPU.Build.0 = Release|Any CPU
	EndGlobalSection
	GlobalSection(SolutionProperties) = preSolution
		HideSolutionNode = FALSE
	EndGlobalSection
	GlobalSection(ExtensibilityGlobals) = postSolution
		SolutionGuid = {59379477-B22A-4291-AFD3-2B1E391796B7}
	EndGlobalSection
EndGlobal
